{
    "name": "godot-scene-type",
    "version": "1.0.0",
    "lockfileVersion": 2,
    "requires": true,
    "packages": {
        "": {
            "name": "godot-scene-type",
            "version": "1.0.0",
            "license": "MIT",
            "dependencies": {
                "typescript": "^5.1.6"
            },
            "devDependencies": {
                "@types/node": "^16.11.7",
                "typescript": "^5.1.6"
            }
        },
        "node_modules/@types/node": {
            "version": "16.18.39",
            "resolved": "https://registry.npmjs.org/@types/node/-/node-16.18.39.tgz",
            "integrity": "sha512-8q9ZexmdYYyc5/cfujaXb4YOucpQxAV4RMG0himLyDUOEr8Mr79VrqsFI+cQ2M2h89YIuy95lbxuYjxT4Hk4kQ==",
            "dev": true
        },
        "node_modules/typescript": {
            "version": "5.1.6",
            "resolved": "https://registry.npmjs.org/typescript/-/typescript-5.1.6.tgz",
            "integrity": "sha512-zaWCozRZ6DLEWAWFrVDz1H6FVXzUSfTy5FUMWsQlU8Ym5JP9eO4xkTIROFCQvhQf61z6O/G6ugw3SgAnvvm+HA==",
            "dev": true,
            "bin": {
                "tsc": "bin/tsc",
                "tsserver": "bin/tsserver"
            },
            "engines": {
                "node": ">=14.17"
            }
        }
    },
    "dependencies": {
        "@types/node": {
            "version": "16.18.39",
            "resolved": "https://registry.npmjs.org/@types/node/-/node-16.18.39.tgz",
            "integrity": "sha512-8q9ZexmdYYyc5/cfujaXb4YOucpQxAV4RMG0himLyDUOEr8Mr79VrqsFI+cQ2M2h89YIuy95lbxuYjxT4Hk4kQ==",
            "dev": true
        },
        "typescript": {
            "version": "5.1.6",
            "resolved": "https://registry.npmjs.org/typescript/-/typescript-5.1.6.tgz",
            "integrity": "sha512-zaWCozRZ6DLEWAWFrVDz1H6FVXzUSfTy5FUMWsQlU8Ym5JP9eO4xkTIROFCQvhQf61z6O/G6ugw3SgAnvvm+HA==",
            "dev": true
        }
    }
}
